
Microsoft Visual Studio Solution File, Format Version 12.00
# Visual Studio Version 17
VisualStudioVersion = 17.4.33110.190
MinimumVisualStudioVersion = 10.0.40219.1
Project("{FAE04EC0-301F-11D3-BF4B-00C04F79EFBC}") = "SnakeAndLadders", "SnakeAndLadders\SnakeAndLadders.csproj", "{4EDFD62D-46D1-4581-8D2B-01902BF6732F}"
EndProject
Global
	GlobalSection(SolutionConfigurationPlatforms) = preSolution
		Debug|Any CPU = Debug|Any CPU
		Release|Any CPU = Release|Any CPU
	EndGlobalSection
	GlobalSection(ProjectConfigurationPlatforms) = postSolution
		{4EDFD62D-46D1-4581-8D2B-01902BF6732F}.Debug|Any CPU.ActiveCfg = Debug|Any CPU
		{4EDFD62D-46D1-4581-8D2B-01902BF6732F}.Debug|Any CPU.Build.0 = Debug|Any CPU
		{4EDFD62D-46D1-4581-8D2B-01902BF6732F}.Release|Any CPU.ActiveCfg = Release|Any CPU
		{4EDFD62D-46D1-4581-8D2B-01902BF6732F}.Release|Any CPU.Build.0 = Release|Any CPU
	EndGlobalSection
	GlobalSection(SolutionProperties) = preSolution
		HideSolutionNode = FALSE
	EndGlobalSection
	GlobalSection(ExtensibilityGlobals) = postSolution
		SolutionGuid = {1A462243-2A80-4AB7-BB06-9081789A0C40}
	EndGlobalSection
EndGlobal
